{
  "lockfile_version": "1",
  "packages": {
    "github:NixOS/nixpkgs/nixpkgs-unstable": {
      "last_modified": "2026-07-20T13:48:30Z",
      "resolved": "github:NixOS/nixpkgs/421eebfd0ec7bccd4abe826ce62d7e6e83129493?lastModified=1784555310&narHash=sha256-%2FFCliTPgiuV1owejZFNx3Ch9irdvkOfOFl%2BHHZ%2BDrtM%3D"
    },
    "pnpm@latest": {
      "last_modified": "2026-07-17T09:58:13Z",
      "resolved": "github:NixOS/nixpkgs/a47c123a609287a012dfc44d281de2dd4ed13394#pnpm",
      "source": "devbox-search",
      "version": "11.13.1",
      "systems": {
        "aarch64-darwin": {
          "outputs": [
            {
              "name": "out",
              "path": "/nix/store/c4hdlsy544j3p4p70nvhsnq5a3nklkra-pnpm-11.13.1",
              "default": true
            }
          ],
          "store_path": "/nix/store/c4hdlsy544j3p4p70nvhsnq5a3nklkra-pnpm-11.13.1"
        },
        "aarch64-linux": {
          "outputs": [
            {
              "name": "out",
              "path": "/nix/store/85idph2j096v7sjsdhcbqgaj0zq0407x-pnpm-11.13.1",
              "default": true
            }
          ],
          "store_path": "/nix/store/85idph2j096v7sjsdhcbqgaj0zq0407x-pnpm-11.13.1"
        },
        "x86_64-linux": {
          "outputs": [
            {
              "name": "out",
              "path": "/nix/store/s6ghhkvcyddqaq1l23fx9hg90554m9mz-pnpm-11.13.1",
              "default": true
            }
          ],
          "store_path": "/nix/store/s6ghhkvcyddqaq1l23fx9hg90554m9mz-pnpm-11.13.1"
        }
      }
    }
  }
}
